// !$*UTF8*$!
{
	archiveVersion = 1;
	classes = {
	};
	objectVersion = 56;
	objects = {

/* Begin PBXBuildFile section */
		5BEB36182AB307B800BDC097 /* Learn_By_DoingApp.swift in Sources */ = {isa = PBXBuildFile; fileRef = 5BEB36172AB307B800BDC097 /* Learn_By_DoingApp.swift */; };
		5BEB361A2AB307B800BDC097 /* ContentView.swift in Sources */ = {isa = PBXBuildFile; fileRef = 5BEB36192AB307B800BDC097 /* ContentView.swift */; };
		5BEB361C2AB307B900BDC097 /* Assets.xcassets in Resources */ = {isa = PBXBuildFile; fileRef = 5BEB361B2AB307B900BDC097 /* Assets.xcassets */; };
		5BEB361F2AB307B900BDC097 /* Preview Assets.xcassets in Resources */ = {isa = PBXBuildFile; fileRef = 5BEB361E2AB307B900BDC097 /* Preview Assets.xcassets */; };
		5BEB36262AB30A4E00BDC097 /* Launch Screen.storyboard in Resources */ = {isa = PBXBuildFile; fileRef = 5BEB36252AB30A4E00BDC097 /* Launch Screen.storyboard */; };
		5BEB36282AB30E0300BDC097 /* CardView.swift in Sources */ = {isa = PBXBuildFile; fileRef = 5BEB36272AB30E0300BDC097 /* CardView.swift */; };
		5BEB362B2AB31C1500BDC097 /* CardModel.swift in Sources */ = {isa = PBXBuildFile; fileRef = 5BEB362A2AB31C1500BDC097 /* CardModel.swift */; };
		5BEB362E2AB31CDD00BDC097 /* CardData.swift in Sources */ = {isa = PBXBuildFile; fileRef = 5BEB362D2AB31CDD00BDC097 /* CardData.swift */; };
/* End PBXBuildFile section */

/* Begin PBXFileReference section */
		5BEB36142AB307B800BDC097 /* Learn By Doing.app */ = {isa = PBXFileReference; explicitFileType = wrapper.application; includeInIndex = 0; path = "Learn By Doing.app"; sourceTree = BUILT_PRODUCTS_DIR; };
		5BEB36172AB307B800BDC097 /* Learn_By_DoingApp.swift */ = {isa = PBXFileReference; lastKnownFileType = sourcecode.swift; path = Learn_By_DoingApp.swift; sourceTree = "<group>"; };
		5BEB36192AB307B800BDC097 /* ContentView.swift */ = {isa = PBXFileReference; lastKnownFileType = sourcecode.swift; path = ContentView.swift; sourceTree = "<group>"; };
		5BEB361B2AB307B900BDC097 /* Assets.xcassets */ = {isa = PBXFileReference; lastKnownFileType = folder.assetcatalog; path = Assets.xcassets; sourceTree = "<group>"; };
		5BEB361E2AB307B900BDC097 /* Preview Assets.xcassets */ = {isa = PBXFileReference; lastKnownFileType = folder.assetcatalog; path = "Preview Assets.xcassets"; sourceTree = "<group>"; };
		5BEB36252AB30A4E00BDC097 /* Launch Screen.storyboard */ = {isa = PBXFileReference; lastKnownFileType = file.storyboard; path = "Launch Screen.storyboard"; sourceTree = "<group>"; };
		5BEB36272AB30E0300BDC097 /* CardView.swift */ = {isa = PBXFileReference; lastKnownFileType = sourcecode.swift; path = CardView.swift; sourceTree = "<group>"; };
		5BEB362A2AB31C1500BDC097 /* CardModel.swift */ = {isa = PBXFileReference; lastKnownFileType = sourcecode.swift; path = CardModel.swift; sourceTree = "<group>"; };
		5BEB362D2AB31CDD00BDC097 /* CardData.swift */ = {isa = PBXFileReference; lastKnownFileType = sourcecode.swift; path = CardData.swift; sourceTree = "<group>"; };
/* End PBXFileReference section */

/* Begin PBXFrameworksBuildPhase section */
		5BEB36112AB307B800BDC097 /* Frameworks */ = {
			isa = PBXFrameworksBuildPhase;
			buildActionMask = 2147483647;
			files = (
			);
			runOnlyForDeploymentPostprocessing = 0;
		};
/* End PBXFrameworksBuildPhase section */

/* Begin PBXGroup section */
		5BEB360B2AB307B800BDC097 = {
			isa = PBXGroup;
			children = (
				5BEB36162AB307B800BDC097 /* Learn By Doing */,
				5BEB36152AB307B800BDC097 /* Products */,
			);
			sourceTree = "<group>";
		};
		5BEB36152AB307B800BDC097 /* Products */ = {
			isa = PBXGroup;
			children = (
				5BEB36142AB307B800BDC097 /* Learn By Doing.app */,
			);
			name = Products;
			sourceTree = "<group>";
		};
		5BEB36162AB307B800BDC097 /* Learn By Doing */ = {
			isa = PBXGroup;
			children = (
				5BEB36252AB30A4E00BDC097 /* Launch Screen.storyboard */,
				5BEB36172AB307B800BDC097 /* Learn_By_DoingApp.swift */,
				5BEB362C2AB31C1900BDC097 /* Model */,
				5BEB36292AB30EBA00BDC097 /* View */,
				5BEB361B2AB307B900BDC097 /* Assets.xcassets */,
				5BEB361D2AB307B900BDC097 /* Preview Content */,
			);
			path = "Learn By Doing";
			sourceTree = "<group>";
		};
		5BEB361D2AB307B900BDC097 /* Preview Content */ = {
			isa = PBXGroup;
			children = (
				5BEB361E2AB307B900BDC097 /* Preview Assets.xcassets */,
			);
			path = "Preview Content";
			sourceTree = "<group>";
		};
		5BEB36292AB30EBA00BDC097 /* View */ = {
			isa = PBXGroup;
			children = (
				5BEB36192AB307B800BDC097 /* ContentView.swift */,
				5BEB36272AB30E0300BDC097 /* CardView.swift */,
			);
			path = View;
			sourceTree = "<group>";
		};
		5BEB362C2AB31C1900BDC097 /* Model */ = {
			isa = PBXGroup;
			children = (
				5BEB362A2AB31C1500BDC097 /* CardModel.swift */,
				5BEB362D2AB31CDD00BDC097 /* CardData.swift */,
			);
			path = Model;
			sourceTree = "<group>";
		};
/* End PBXGroup section */

/* Begin PBXNativeTarget section */
		5BEB36132AB307B800BDC097 /* Learn By Doing */ = {
			isa = PBXNativeTarget;
			buildConfigurationList = 5BEB36222AB307B900BDC097 /* Build configuration list for PBXNativeTarget "Learn By Doing" */;
			buildPhases = (
				5BEB36102AB307B800BDC097 /* Sources */,
				5BEB36112AB307B800BDC097 /* Frameworks */,
				5BEB36122AB307B800BDC097 /* Resources */,
			);
			buildRules = (
			);
			dependencies = (
			);
			name = "Learn By Doing";
			productName = "Learn By Doing";
			productReference = 5BEB36142AB307B800BDC097 /* Learn By Doing.app */;
			productType = "com.apple.product-type.application";
		};
/* End PBXNativeTarget section */

/* Begin PBXProject section */
		5BEB360C2AB307B800BDC097 /* Project object */ = {
			isa = PBXProject;
			attributes = {
				BuildIndependentTargetsInParallel = 1;
				LastSwiftUpdateCheck = 1430;
				LastUpgradeCheck = 1430;
				TargetAttributes = {
					5BEB36132AB307B800BDC097 = {
						CreatedOnToolsVersion = 14.3.1;
					};
				};
			};
			buildConfigurationList = 5BEB360F2AB307B800BDC097 /* Build configuration list for PBXProject "Learn By Doing" */;
			compatibilityVersion = "Xcode 14.0";
			developmentRegion = en;
			hasScannedForEncodings = 0;
			knownRegions = (
				en,
				Base,
			);
			mainGroup = 5BEB360B2AB307B800BDC097;
			productRefGroup = 5BEB36152AB307B800BDC097 /* Products */;
			projectDirPath = "";
			projectRoot = "";
			targets = (
				5BEB36132AB307B800BDC097 /* Learn By Doing */,
			);
		};
/* End PBXProject section */

/* Begin PBXResourcesBuildPhase section */
		5BEB36122AB307B800BDC097 /* Resources */ = {
			isa = PBXResourcesBuildPhase;
			buildActionMask = 2147483647;
			files = (
				5BEB36262AB30A4E00BDC097 /* Launch Screen.storyboard in Resources */,
				5BEB361F2AB307B900BDC097 /* Preview Assets.xcassets in Resources */,
				5BEB361C2AB307B900BDC097 /* Assets.xcassets in Resources */,
			);
			runOnlyForDeploymentPostprocessing = 0;
		};
/* End PBXResourcesBuildPhase section */

/* Begin PBXSourcesBuildPhase section */
		5BEB36102AB307B800BDC097 /* Sources */ = {
			isa = PBXSourcesBuildPhase;
			buildActionMask = 2147483647;
			files = (
				5BEB362E2AB31CDD00BDC097 /* CardData.swift in Sources */,
				5BEB361A2AB307B800BDC097 /* ContentView.swift in Sources */,
				5BEB362B2AB31C1500BDC097 /* CardModel.swift in Sources */,
				5BEB36282AB30E0300BDC097 /* CardView.swift in Sources */,
				5BEB36182AB307B800BDC097 /* Learn_By_DoingApp.swift in Sources */,
			);
			runOnlyForDeploymentPostprocessing = 0;
		};
/* End PBXSourcesBuildPhase section */

/* Begin XCBuildConfiguration section */
		5BEB36202AB307B900BDC097 /* Debug */ = {
			isa = XCBuildConfiguration;
			buildSettings = {
				ALWAYS_SEARCH_USER_PATHS = NO;
				CLANG_ANALYZER_NONNULL = YES;
				CLANG_ANALYZER_NUMBER_OBJECT_CONVERSION = YES_AGGRESSIVE;
				CLANG_CXX_LANGUAGE_STANDARD = "gnu++20";
				CLANG_ENABLE_MODULES = YES;
				CLANG_ENABLE_OBJC_ARC = YES;
				CLANG_ENABLE_OBJC_WEAK = YES;
				CLANG_WARN_BLOCK_CAPTURE_AUTORELEASING = YES;
				CLANG_WARN_BOOL_CONVERSION = YES;
				CLANG_WARN_COMMA = YES;
				CLANG_WARN_CONSTANT_CONVERSION = YES;
				CLANG_WARN_DEPRECATED_OBJC_IMPLEMENTATIONS = YES;
				CLANG_WARN_DIRECT_OBJC_ISA_USAGE = YES_ERROR;
				CLANG_WARN_DOCUMENTATION_COMMENTS = YES;
				CLANG_WARN_EMPTY_BODY = YES;
				CLANG_WARN_ENUM_CONVERSION = YES;
				CLANG_WARN_INFINITE_RECURSION = YES;
				CLANG_WARN_INT_CONVERSION = YES;
				CLANG_WARN_NON_LITERAL_NULL_CONVERSION = YES;
				CLANG_WARN_OBJC_IMPLICIT_RETAIN_SELF = YES;
				CLANG_WARN_OBJC_LITERAL_CONVERSION = YES;
				CLANG_WARN_OBJC_ROOT_CLASS = YES_ERROR;
				CLANG_WARN_QUOTED_INCLUDE_IN_FRAMEWORK_HEADER = YES;
				CLANG_WARN_RANGE_LOOP_ANALYSIS = YES;
				CLANG_WARN_STRICT_PROTOTYPES = YES;
				CLANG_WARN_SUSPICIOUS_MOVE = YES;
				CLANG_WARN_UNGUARDED_AVAILABILITY = YES_AGGRESSIVE;
				CLANG_WARN_UNREACHABLE_CODE = YES;
				CLANG_WARN__DUPLICATE_METHOD_MATCH = YES;
				COPY_PHASE_STRIP = NO;
				DEBUG_INFORMATION_FORMAT = dwarf;
				ENABLE_STRICT_OBJC_MSGSEND = YES;
				ENABLE_TESTABILITY = YES;
				GCC_C_LANGUAGE_STANDARD = gnu11;
				GCC_DYNAMIC_NO_PIC = NO;
				GCC_NO_COMMON_BLOCKS = YES;
				GCC_OPTIMIZATION_LEVEL = 0;
				GCC_PREPROCESSOR_DEFINITIONS = (
					"DEBUG=1",
					"$(inherited)",
				);
				GCC_WARN_64_TO_32_BIT_CONVERSION = YES;
				GCC_WARN_ABOUT_RETURN_TYPE = YES_ERROR;
				GCC_WARN_UNDECLARED_SELECTOR = YES;
				GCC_WARN_UNINITIALIZED_AUTOS = YES_AGGRESSIVE;
				GCC_WARN_UNUSED_FUNCTION = YES;
				GCC_WARN_UNUSED_VARIABLE = YES;
				IPHONEOS_DEPLOYMENT_TARGET = 16.4;
				MTL_ENABLE_DEBUG_INFO = INCLUDE_SOURCE;
				MTL_FAST_MATH = YES;
				ONLY_ACTIVE_ARCH = YES;
				SDKROOT = iphoneos;
				SWIFT_ACTIVE_COMPILATION_CONDITIONS = DEBUG;
				SWIFT_OPTIMIZATION_LEVEL = "-Onone";
			};
			name = Debug;
		};
		5BEB36212AB307B900BDC097 /* Release */ = {
			isa = XCBuildConfiguration;
			buildSettings = {
				ALWAYS_SEARCH_USER_PATHS = NO;
				CLANG_ANALYZER_NONNULL = YES;
				CLANG_ANALYZER_NUMBER_OBJECT_CONVERSION = YES_AGGRESSIVE;
				CLANG_CXX_LANGUAGE_STANDARD = "gnu++20";
				CLANG_ENABLE_MODULES = YES;
				CLANG_ENABLE_OBJC_ARC = YES;
				CLANG_ENABLE_OBJC_WEAK = YES;
				CLANG_WARN_BLOCK_CAPTURE_AUTORELEASING = YES;
				CLANG_WARN_BOOL_CONVERSION = YES;
				CLANG_WARN_COMMA = YES;
				CLANG_WARN_CONSTANT_CONVERSION = YES;
				CLANG_WARN_DEPRECATED_OBJC_IMPLEMENTATIONS = YES;
				CLANG_WARN_DIRECT_OBJC_ISA_USAGE = YES_ERROR;
				CLANG_WARN_DOCUMENTATION_COMMENTS = YES;
				CLANG_WARN_EMPTY_BODY = YES;
				CLANG_WARN_ENUM_CONVERSION = YES;
				CLANG_WARN_INFINITE_RECURSION = YES;
				CLANG_WARN_INT_CONVERSION = YES;
				CLANG_WARN_NON_LITERAL_NULL_CONVERSION = YES;
				CLANG_WARN_OBJC_IMPLICIT_RETAIN_SELF = YES;
				CLANG_WARN_OBJC_LITERAL_CONVERSION = YES;
				CLANG_WARN_OBJC_ROOT_CLASS = YES_ERROR;
				CLANG_WARN_QUOTED_INCLUDE_IN_FRAMEWORK_HEADER = YES;
				CLANG_WARN_RANGE_LOOP_ANALYSIS = YES;
				CLANG_WARN_STRICT_PROTOTYPES = YES;
				CLANG_WARN_SUSPICIOUS_MOVE = YES;
				CLANG_WARN_UNGUARDED_AVAILABILITY = YES_AGGRESSIVE;
				CLANG_WARN_UNREACHABLE_CODE = YES;
				CLANG_WARN__DUPLICATE_METHOD_MATCH = YES;
				COPY_PHASE_STRIP = NO;
				DEBUG_INFORMATION_FORMAT = "dwarf-with-dsym";
				ENABLE_NS_ASSERTIONS = NO;
				ENABLE_STRICT_OBJC_MSGSEND = YES;
				GCC_C_LANGUAGE_STANDARD = gnu11;
				GCC_NO_COMMON_BLOCKS = YES;
				GCC_WARN_64_TO_32_BIT_CONVERSION = YES;
				GCC_WARN_ABOUT_RETURN_TYPE = YES_ERROR;
				GCC_WARN_UNDECLARED_SELECTOR = YES;
				GCC_WARN_UNINITIALIZED_AUTOS = YES_AGGRESSIVE;
				GCC_WARN_UNUSED_FUNCTION = YES;
				GCC_WARN_UNUSED_VARIABLE = YES;
				IPHONEOS_DEPLOYMENT_TARGET = 16.4;
				MTL_ENABLE_DEBUG_INFO = NO;
				MTL_FAST_MATH = YES;
				SDKROOT = iphoneos;
				SWIFT_COMPILATION_MODE = wholemodule;
				SWIFT_OPTIMIZATION_LEVEL = "-O";
				VALIDATE_PRODUCT = YES;
			};
			name = Release;
		};
		5BEB36232AB307B900BDC097 /* Debug */ = {
			isa = XCBuildConfiguration;
			buildSettings = {
				ASSETCATALOG_COMPILER_APPICON_NAME = AppIcon;
				ASSETCATALOG_COMPILER_GLOBAL_ACCENT_COLOR_NAME = AccentColor;
				CODE_SIGN_STYLE = Automatic;
				CURRENT_PROJECT_VERSION = 1;
				DEVELOPMENT_ASSET_PATHS = "\"Learn By Doing/Preview Content\"";
				DEVELOPMENT_TEAM = 8CUV75B9C7;
				ENABLE_PREVIEWS = YES;
				GENERATE_INFOPLIST_FILE = YES;
				INFOPLIST_KEY_UIApplicationSceneManifest_Generation = YES;
				INFOPLIST_KEY_UIApplicationSupportsIndirectInputEvents = YES;
				INFOPLIST_KEY_UILaunchScreen_Generation = YES;
				INFOPLIST_KEY_UILaunchStoryboardName = "Launch Screen";
				INFOPLIST_KEY_UIStatusBarStyle = "";
				INFOPLIST_KEY_UISupportedInterfaceOrientations_iPad = "UIInterfaceOrientationPortrait UIInterfaceOrientationPortraitUpsideDown UIInterfaceOrientationLandscapeLeft UIInterfaceOrientationLandscapeRight";
				INFOPLIST_KEY_UISupportedInterfaceOrientations_iPhone = "UIInterfaceOrientationPortrait UIInterfaceOrientationLandscapeLeft UIInterfaceOrientationLandscapeRight";
				LD_RUNPATH_SEARCH_PATHS = (
					"$(inherited)",
					"@executable_path/Frameworks",
				);
				MARKETING_VERSION = 1.0;
				PRODUCT_BUNDLE_IDENTIFIER = "com.zekibaklan.Learn-By-Doing";
				PRODUCT_NAME = "$(TARGET_NAME)";
				SWIFT_EMIT_LOC_STRINGS = YES;
				SWIFT_VERSION = 5.0;
				TARGETED_DEVICE_FAMILY = "1,2";
			};
			name = Debug;
		};
		5BEB36242AB307B900BDC097 /* Release */ = {
			isa = XCBuildConfiguration;
			buildSettings = {
				ASSETCATALOG_COMPILER_APPICON_NAME = AppIcon;
				ASSETCATALOG_COMPILER_GLOBAL_ACCENT_COLOR_NAME = AccentColor;
				CODE_SIGN_STYLE = Automatic;
				CURRENT_PROJECT_VERSION = 1;
				DEVELOPMENT_ASSET_PATHS = "\"Learn By Doing/Preview Content\"";
				DEVELOPMENT_TEAM = 8CUV75B9C7;
				ENABLE_PREVIEWS = YES;
				GENERATE_INFOPLIST_FILE = YES;
				INFOPLIST_KEY_UIApplicationSceneManifest_Generation = YES;
				INFOPLIST_KEY_UIApplicationSupportsIndirectInputEvents = YES;
				INFOPLIST_KEY_UILaunchScreen_Generation = YES;
				INFOPLIST_KEY_UILaunchStoryboardName = "Launch Screen";
				INFOPLIST_KEY_UIStatusBarStyle = "";
				INFOPLIST_KEY_UISupportedInterfaceOrientations_iPad = "UIInterfaceOrientationPortrait UIInterfaceOrientationPortraitUpsideDown UIInterfaceOrientationLandscapeLeft UIInterfaceOrientationLandscapeRight";
				INFOPLIST_KEY_UISupportedInterfaceOrientations_iPhone = "UIInterfaceOrientationPortrait UIInterfaceOrientationLandscapeLeft UIInterfaceOrientationLandscapeRight";
				LD_RUNPATH_SEARCH_PATHS = (
					"$(inherited)",
					"@executable_path/Frameworks",
				);
				MARKETING_VERSION = 1.0;
				PRODUCT_BUNDLE_IDENTIFIER = "com.zekibaklan.Learn-By-Doing";
				PRODUCT_NAME = "$(TARGET_NAME)";
				SWIFT_EMIT_LOC_STRINGS = YES;
				SWIFT_VERSION = 5.0;
				TARGETED_DEVICE_FAMILY = "1,2";
			};
			name = Release;
		};
/* End XCBuildConfiguration section */

/* Begin XCConfigurationList section */
		5BEB360F2AB307B800BDC097 /* Build configuration list for PBXProject "Learn By Doing" */ = {
			isa = XCConfigurationList;
			buildConfigurations = (
				5BEB36202AB307B900BDC097 /* Debug */,
				5BEB36212AB307B900BDC097 /* Release */,
			);
			defaultConfigurationIsVisible = 0;
			defaultConfigurationName = Release;
		};
		5BEB36222AB307B900BDC097 /* Build configuration list for PBXNativeTarget "Learn By Doing" */ = {
			isa = XCConfigurationList;
			buildConfigurations = (
				5BEB36232AB307B900BDC097 /* Debug */,
				5BEB36242AB307B900BDC097 /* Release */,
			);
			defaultConfigurationIsVisible = 0;
			defaultConfigurationName = Release;
		};
/* End XCConfigurationList section */
	};
	rootObject = 5BEB360C2AB307B800BDC097 /* Project object */;
}
